
Microsoft Visual Studio Solution File, Format Version 12.00
# Visual Studio 15
VisualStudioVersion = 15.0.27703.2035
MinimumVisualStudioVersion = 10.0.40219.1
Project("{8BC9CEB8-8B4A-11D0-8D11-00A0C91BC942}") = "036", "036\036.vcxproj", "{D181D6C3-2950-4F34-99FF-CF51A1B2A6DF}"
EndProject
Global
	GlobalSection(SolutionConfigurationPlatforms) = preSolution
		Debug|x64 = Debug|x64
		Debug|x86 = Debug|x86
		Release|x64 = Release|x64
		Release|x86 = Release|x86
	EndGlobalSection
	GlobalSection(ProjectConfigurationPlatforms) = postSolution
		{D181D6C3-2950-4F34-99FF-CF51A1B2A6DF}.Debug|x64.ActiveCfg = Debug|x64
		{D181D6C3-2950-4F34-99FF-CF51A1B2A6DF}.Debug|x64.Build.0 = Debug|x64
		{D181D6C3-2950-4F34-99FF-CF51A1B2A6DF}.Debug|x86.ActiveCfg = Debug|Win32
		{D181D6C3-2950-4F34-99FF-CF51A1B2A6DF}.Debug|x86.Build.0 = Debug|Win32
		{D181D6C3-2950-4F34-99FF-CF51A1B2A6DF}.Release|x64.ActiveCfg = Release|x64
		{D181D6C3-2950-4F34-99FF-CF51A1B2A6DF}.Release|x64.Build.0 = Release|x64
		{D181D6C3-2950-4F34-99FF-CF51A1B2A6DF}.Release|x86.ActiveCfg = Release|Win32
		{D181D6C3-2950-4F34-99FF-CF51A1B2A6DF}.Release|x86.Build.0 = Release|Win32
	EndGlobalSection
	GlobalSection(SolutionProperties) = preSolution
		HideSolutionNode = FALSE
	EndGlobalSection
	GlobalSection(ExtensibilityGlobals) = postSolution
		SolutionGuid = {21695513-71C1-47A1-BC29-43E39BE0E571}
	EndGlobalSection
EndGlobal
